// !$*UTF8*$!
{
	archiveVersion = 1;
	classes = {
	};
	objectVersion = 51;
	objects = {

/* Begin PBXBuildFile section */
		2CDB3637497514A5512D3E73 /* Pods_PryanikyTest.framework in Frameworks */ = {isa = PBXBuildFile; fileRef = 53C6A7EBA7492F3B73C3CE9E /* Pods_PryanikyTest.framework */; };
		C234017625C5AC2F00DDF0B8 /* DetailViewController.swift in Sources */ = {isa = PBXBuildFile; fileRef = C234017525C5AC2F00DDF0B8 /* DetailViewController.swift */; };
		C234017925C5AC6900DDF0B8 /* DetailViewModel.swift in Sources */ = {isa = PBXBuildFile; fileRef = C234017825C5AC6900DDF0B8 /* DetailViewModel.swift */; };
		C234193625C5A3B800A51067 /* MainViewController.swift in Sources */ = {isa = PBXBuildFile; fileRef = C234193525C5A3B800A51067 /* MainViewController.swift */; };
		C234193925C5A3D100A51067 /* MainCell.swift in Sources */ = {isa = PBXBuildFile; fileRef = C234193825C5A3D100A51067 /* MainCell.swift */; };
		C25877A825C5647100933114 /* AppDelegate.swift in Sources */ = {isa = PBXBuildFile; fileRef = C25877A725C5647100933114 /* AppDelegate.swift */; };
		C25877AA25C5647100933114 /* SceneDelegate.swift in Sources */ = {isa = PBXBuildFile; fileRef = C25877A925C5647100933114 /* SceneDelegate.swift */; };
		C25877B125C5647500933114 /* Assets.xcassets in Resources */ = {isa = PBXBuildFile; fileRef = C25877B025C5647500933114 /* Assets.xcassets */; };
		C25877B425C5647500933114 /* LaunchScreen.storyboard in Resources */ = {isa = PBXBuildFile; fileRef = C25877B225C5647500933114 /* LaunchScreen.storyboard */; };
		C25877C625C5683A00933114 /* JSONModel.swift in Sources */ = {isa = PBXBuildFile; fileRef = C25877C525C5683A00933114 /* JSONModel.swift */; };
		C25877CA25C5686400933114 /* NetworkService.swift in Sources */ = {isa = PBXBuildFile; fileRef = C25877C925C5686400933114 /* NetworkService.swift */; };
		C2CF5DD925C5825600BD64E2 /* MainViewModel.swift in Sources */ = {isa = PBXBuildFile; fileRef = C2CF5DD825C5825600BD64E2 /* MainViewModel.swift */; };
		C2CF5DDC25C5856400BD64E2 /* MainCellViewModel.swift in Sources */ = {isa = PBXBuildFile; fileRef = C2CF5DDB25C5856400BD64E2 /* MainCellViewModel.swift */; };
/* End PBXBuildFile section */

/* Begin PBXFileReference section */
		53C6A7EBA7492F3B73C3CE9E /* Pods_PryanikyTest.framework */ = {isa = PBXFileReference; explicitFileType = wrapper.framework; includeInIndex = 0; path = Pods_PryanikyTest.framework; sourceTree = BUILT_PRODUCTS_DIR; };
		59D572EB24604CD5B6ACE1FA /* Pods-PryanikyTest.debug.xcconfig */ = {isa = PBXFileReference; includeInIndex = 1; lastKnownFileType = text.xcconfig; name = "Pods-PryanikyTest.debug.xcconfig"; path = "Target Support Files/Pods-PryanikyTest/Pods-PryanikyTest.debug.xcconfig"; sourceTree = "<group>"; };
		C234017525C5AC2F00DDF0B8 /* DetailViewController.swift */ = {isa = PBXFileReference; lastKnownFileType = sourcecode.swift; path = DetailViewController.swift; sourceTree = "<group>"; };
		C234017825C5AC6900DDF0B8 /* DetailViewModel.swift */ = {isa = PBXFileReference; lastKnownFileType = sourcecode.swift; path = DetailViewModel.swift; sourceTree = "<group>"; };
		C234193525C5A3B800A51067 /* MainViewController.swift */ = {isa = PBXFileReference; lastKnownFileType = sourcecode.swift; path = MainViewController.swift; sourceTree = "<group>"; };
		C234193825C5A3D100A51067 /* MainCell.swift */ = {isa = PBXFileReference; lastKnownFileType = sourcecode.swift; path = MainCell.swift; sourceTree = "<group>"; };
		C25877A425C5647100933114 /* PryanikyTest.app */ = {isa = PBXFileReference; explicitFileType = wrapper.application; includeInIndex = 0; path = PryanikyTest.app; sourceTree = BUILT_PRODUCTS_DIR; };
		C25877A725C5647100933114 /* AppDelegate.swift */ = {isa = PBXFileReference; lastKnownFileType = sourcecode.swift; path = AppDelegate.swift; sourceTree = "<group>"; };
		C25877A925C5647100933114 /* SceneDelegate.swift */ = {isa = PBXFileReference; lastKnownFileType = sourcecode.swift; path = SceneDelegate.swift; sourceTree = "<group>"; };
		C25877B025C5647500933114 /* Assets.xcassets */ = {isa = PBXFileReference; lastKnownFileType = folder.assetcatalog; path = Assets.xcassets; sourceTree = "<group>"; };
		C25877B325C5647500933114 /* Base */ = {isa = PBXFileReference; lastKnownFileType = file.storyboard; name = Base; path = Base.lproj/LaunchScreen.storyboard; sourceTree = "<group>"; };
		C25877B525C5647500933114 /* Info.plist */ = {isa = PBXFileReference; lastKnownFileType = text.plist.xml; path = Info.plist; sourceTree = "<group>"; };
		C25877C525C5683A00933114 /* JSONModel.swift */ = {isa = PBXFileReference; lastKnownFileType = sourcecode.swift; path = JSONModel.swift; sourceTree = "<group>"; };
		C25877C925C5686400933114 /* NetworkService.swift */ = {isa = PBXFileReference; lastKnownFileType = sourcecode.swift; path = NetworkService.swift; sourceTree = "<group>"; };
		C2CF5DD825C5825600BD64E2 /* MainViewModel.swift */ = {isa = PBXFileReference; lastKnownFileType = sourcecode.swift; path = MainViewModel.swift; sourceTree = "<group>"; };
		C2CF5DDB25C5856400BD64E2 /* MainCellViewModel.swift */ = {isa = PBXFileReference; lastKnownFileType = sourcecode.swift; path = MainCellViewModel.swift; sourceTree = "<group>"; };
		CCE68147A8458DA0EF63D849 /* Pods-PryanikyTest.release.xcconfig */ = {isa = PBXFileReference; includeInIndex = 1; lastKnownFileType = text.xcconfig; name = "Pods-PryanikyTest.release.xcconfig"; path = "Target Support Files/Pods-PryanikyTest/Pods-PryanikyTest.release.xcconfig"; sourceTree = "<group>"; };
/* End PBXFileReference section */

/* Begin PBXFrameworksBuildPhase section */
		C25877A125C5647100933114 /* Frameworks */ = {
			isa = PBXFrameworksBuildPhase;
			buildActionMask = 2147483647;
			files = (
				2CDB3637497514A5512D3E73 /* Pods_PryanikyTest.framework in Frameworks */,
			);
			runOnlyForDeploymentPostprocessing = 0;
		};
/* End PBXFrameworksBuildPhase section */

/* Begin PBXGroup section */
		A9537AD91B7CD0EA07443B9A /* Pods */ = {
			isa = PBXGroup;
			children = (
				59D572EB24604CD5B6ACE1FA /* Pods-PryanikyTest.debug.xcconfig */,
				CCE68147A8458DA0EF63D849 /* Pods-PryanikyTest.release.xcconfig */,
			);
			path = Pods;
			sourceTree = "<group>";
		};
		C234017125C5A85800DDF0B8 /* Detail */ = {
			isa = PBXGroup;
			children = (
				C234017225C5A86B00DDF0B8 /* View */,
				C234017325C5A88900DDF0B8 /* ViewModel */,
			);
			path = Detail;
			sourceTree = "<group>";
		};
		C234017225C5A86B00DDF0B8 /* View */ = {
			isa = PBXGroup;
			children = (
				C234017525C5AC2F00DDF0B8 /* DetailViewController.swift */,
			);
			path = View;
			sourceTree = "<group>";
		};
		C234017325C5A88900DDF0B8 /* ViewModel */ = {
			isa = PBXGroup;
			children = (
				C234017825C5AC6900DDF0B8 /* DetailViewModel.swift */,
			);
			path = ViewModel;
			sourceTree = "<group>";
		};
		C234193125C5A34700A51067 /* View */ = {
			isa = PBXGroup;
			children = (
				C234193525C5A3B800A51067 /* MainViewController.swift */,
				C234193825C5A3D100A51067 /* MainCell.swift */,
			);
			path = View;
			sourceTree = "<group>";
		};
		C258779B25C5647100933114 = {
			isa = PBXGroup;
			children = (
				C25877A625C5647100933114 /* PryanikyTest */,
				C25877A525C5647100933114 /* Products */,
				A9537AD91B7CD0EA07443B9A /* Pods */,
				D69F1A7662608D634ED68D9A /* Frameworks */,
			);
			sourceTree = "<group>";
		};
		C25877A525C5647100933114 /* Products */ = {
			isa = PBXGroup;
			children = (
				C25877A425C5647100933114 /* PryanikyTest.app */,
			);
			name = Products;
			sourceTree = "<group>";
		};
		C25877A625C5647100933114 /* PryanikyTest */ = {
			isa = PBXGroup;
			children = (
				C25877BE25C566AA00933114 /* Application */,
				C25877C825C5683F00933114 /* Service */,
				C25877C125C567EC00933114 /* Model */,
				C29A7A6A25C5995F00FD1899 /* Main */,
				C234017125C5A85800DDF0B8 /* Detail */,
				C25877BD25C5669100933114 /* Supporting files */,
			);
			path = PryanikyTest;
			sourceTree = "<group>";
		};
		C25877BD25C5669100933114 /* Supporting files */ = {
			isa = PBXGroup;
			children = (
				C25877B025C5647500933114 /* Assets.xcassets */,
				C25877B225C5647500933114 /* LaunchScreen.storyboard */,
				C25877B525C5647500933114 /* Info.plist */,
			);
			path = "Supporting files";
			sourceTree = "<group>";
		};
		C25877BE25C566AA00933114 /* Application */ = {
			isa = PBXGroup;
			children = (
				C25877A725C5647100933114 /* AppDelegate.swift */,
				C25877A925C5647100933114 /* SceneDelegate.swift */,
			);
			path = Application;
			sourceTree = "<group>";
		};
		C25877C125C567EC00933114 /* Model */ = {
			isa = PBXGroup;
			children = (
				C25877C525C5683A00933114 /* JSONModel.swift */,
			);
			path = Model;
			sourceTree = "<group>";
		};
		C25877C225C567F300933114 /* ViewModel */ = {
			isa = PBXGroup;
			children = (
				C2CF5DD825C5825600BD64E2 /* MainViewModel.swift */,
				C2CF5DDB25C5856400BD64E2 /* MainCellViewModel.swift */,
			);
			path = ViewModel;
			sourceTree = "<group>";
		};
		C25877C825C5683F00933114 /* Service */ = {
			isa = PBXGroup;
			children = (
				C25877C925C5686400933114 /* NetworkService.swift */,
			);
			path = Service;
			sourceTree = "<group>";
		};
		C29A7A6A25C5995F00FD1899 /* Main */ = {
			isa = PBXGroup;
			children = (
				C234193125C5A34700A51067 /* View */,
				C25877C225C567F300933114 /* ViewModel */,
			);
			path = Main;
			sourceTree = "<group>";
		};
		D69F1A7662608D634ED68D9A /* Frameworks */ = {
			isa = PBXGroup;
			children = (
				53C6A7EBA7492F3B73C3CE9E /* Pods_PryanikyTest.framework */,
			);
			name = Frameworks;
			sourceTree = "<group>";
		};
/* End PBXGroup section */

/* Begin PBXNativeTarget section */
		C25877A325C5647100933114 /* PryanikyTest */ = {
			isa = PBXNativeTarget;
			buildConfigurationList = C25877B825C5647500933114 /* Build configuration list for PBXNativeTarget "PryanikyTest" */;
			buildPhases = (
				702F5B63406FFAAE88BDE55D /* [CP] Check Pods Manifest.lock */,
				C25877A025C5647100933114 /* Sources */,
				C25877A125C5647100933114 /* Frameworks */,
				C25877A225C5647100933114 /* Resources */,
				4E5D98206C4D225C1B89B0F0 /* [CP] Embed Pods Frameworks */,
			);
			buildRules = (
			);
			dependencies = (
			);
			name = PryanikyTest;
			productName = PryanikyTest;
			productReference = C25877A425C5647100933114 /* PryanikyTest.app */;
			productType = "com.apple.product-type.application";
		};
/* End PBXNativeTarget section */

/* Begin PBXProject section */
		C258779C25C5647100933114 /* Project object */ = {
			isa = PBXProject;
			attributes = {
				LastSwiftUpdateCheck = 1200;
				LastUpgradeCheck = 1200;
				TargetAttributes = {
					C25877A325C5647100933114 = {
						CreatedOnToolsVersion = 12.0;
					};
				};
			};
			buildConfigurationList = C258779F25C5647100933114 /* Build configuration list for PBXProject "PryanikyTest" */;
			compatibilityVersion = "Xcode 9.3";
			developmentRegion = en;
			hasScannedForEncodings = 0;
			knownRegions = (
				en,
				Base,
			);
			mainGroup = C258779B25C5647100933114;
			productRefGroup = C25877A525C5647100933114 /* Products */;
			projectDirPath = "";
			projectRoot = "";
			targets = (
				C25877A325C5647100933114 /* PryanikyTest */,
			);
		};
/* End PBXProject section */

/* Begin PBXResourcesBuildPhase section */
		C25877A225C5647100933114 /* Resources */ = {
			isa = PBXResourcesBuildPhase;
			buildActionMask = 2147483647;
			files = (
				C25877B425C5647500933114 /* LaunchScreen.storyboard in Resources */,
				C25877B125C5647500933114 /* Assets.xcassets in Resources */,
			);
			runOnlyForDeploymentPostprocessing = 0;
		};
/* End PBXResourcesBuildPhase section */

/* Begin PBXShellScriptBuildPhase section */
		4E5D98206C4D225C1B89B0F0 /* [CP] Embed Pods Frameworks */ = {
			isa = PBXShellScriptBuildPhase;
			buildActionMask = 2147483647;
			files = (
			);
			inputFileListPaths = (
				"${PODS_ROOT}/Target Support Files/Pods-PryanikyTest/Pods-PryanikyTest-frameworks-${CONFIGURATION}-input-files.xcfilelist",
			);
			name = "[CP] Embed Pods Frameworks";
			outputFileListPaths = (
				"${PODS_ROOT}/Target Support Files/Pods-PryanikyTest/Pods-PryanikyTest-frameworks-${CONFIGURATION}-output-files.xcfilelist",
			);
			runOnlyForDeploymentPostprocessing = 0;
			shellPath = /bin/sh;
			shellScript = "\"${PODS_ROOT}/Target Support Files/Pods-PryanikyTest/Pods-PryanikyTest-frameworks.sh\"\n";
			showEnvVarsInLog = 0;
		};
		702F5B63406FFAAE88BDE55D /* [CP] Check Pods Manifest.lock */ = {
			isa = PBXShellScriptBuildPhase;
			buildActionMask = 2147483647;
			files = (
			);
			inputFileListPaths = (
			);
			inputPaths = (
				"${PODS_PODFILE_DIR_PATH}/Podfile.lock",
				"${PODS_ROOT}/Manifest.lock",
			);
			name = "[CP] Check Pods Manifest.lock";
			outputFileListPaths = (
			);
			outputPaths = (
				"$(DERIVED_FILE_DIR)/Pods-PryanikyTest-checkManifestLockResult.txt",
			);
			runOnlyForDeploymentPostprocessing = 0;
			shellPath = /bin/sh;
			shellScript = "diff \"${PODS_PODFILE_DIR_PATH}/Podfile.lock\" \"${PODS_ROOT}/Manifest.lock\" > /dev/null\nif [ $? != 0 ] ; then\n    # print error to STDERR\n    echo \"error: The sandbox is not in sync with the Podfile.lock. Run 'pod install' or update your CocoaPods installation.\" >&2\n    exit 1\nfi\n# This output is used by Xcode 'outputs' to avoid re-running this script phase.\necho \"SUCCESS\" > \"${SCRIPT_OUTPUT_FILE_0}\"\n";
			showEnvVarsInLog = 0;
		};
/* End PBXShellScriptBuildPhase section */

/* Begin PBXSourcesBuildPhase section */
		C25877A025C5647100933114 /* Sources */ = {
			isa = PBXSourcesBuildPhase;
			buildActionMask = 2147483647;
			files = (
				C234017625C5AC2F00DDF0B8 /* DetailViewController.swift in Sources */,
				C234193625C5A3B800A51067 /* MainViewController.swift in Sources */,
				C25877CA25C5686400933114 /* NetworkService.swift in Sources */,
				C234017925C5AC6900DDF0B8 /* DetailViewModel.swift in Sources */,
				C25877C625C5683A00933114 /* JSONModel.swift in Sources */,
				C2CF5DDC25C5856400BD64E2 /* MainCellViewModel.swift in Sources */,
				C25877A825C5647100933114 /* AppDelegate.swift in Sources */,
				C2CF5DD925C5825600BD64E2 /* MainViewModel.swift in Sources */,
				C234193925C5A3D100A51067 /* MainCell.swift in Sources */,
				C25877AA25C5647100933114 /* SceneDelegate.swift in Sources */,
			);
			runOnlyForDeploymentPostprocessing = 0;
		};
/* End PBXSourcesBuildPhase section */

/* Begin PBXVariantGroup section */
		C25877B225C5647500933114 /* LaunchScreen.storyboard */ = {
			isa = PBXVariantGroup;
			children = (
				C25877B325C5647500933114 /* Base */,
			);
			name = LaunchScreen.storyboard;
			sourceTree = "<group>";
		};
/* End PBXVariantGroup section */

/* Begin XCBuildConfiguration section */
		C25877B625C5647500933114 /* Debug */ = {
			isa = XCBuildConfiguration;
			buildSettings = {
				ALWAYS_SEARCH_USER_PATHS = NO;
				CLANG_ANALYZER_NONNULL = YES;
				CLANG_ANALYZER_NUMBER_OBJECT_CONVERSION = YES_AGGRESSIVE;
				CLANG_CXX_LANGUAGE_STANDARD = "gnu++14";
				CLANG_CXX_LIBRARY = "libc++";
				CLANG_ENABLE_MODULES = YES;
				CLANG_ENABLE_OBJC_ARC = YES;
				CLANG_ENABLE_OBJC_WEAK = YES;
				CLANG_WARN_BLOCK_CAPTURE_AUTORELEASING = YES;
				CLANG_WARN_BOOL_CONVERSION = YES;
				CLANG_WARN_COMMA = YES;
				CLANG_WARN_CONSTANT_CONVERSION = YES;
				CLANG_WARN_DEPRECATED_OBJC_IMPLEMENTATIONS = YES;
				CLANG_WARN_DIRECT_OBJC_ISA_USAGE = YES_ERROR;
				CLANG_WARN_DOCUMENTATION_COMMENTS = YES;
				CLANG_WARN_EMPTY_BODY = YES;
				CLANG_WARN_ENUM_CONVERSION = YES;
				CLANG_WARN_INFINITE_RECURSION = YES;
				CLANG_WARN_INT_CONVERSION = YES;
				CLANG_WARN_NON_LITERAL_NULL_CONVERSION = YES;
				CLANG_WARN_OBJC_IMPLICIT_RETAIN_SELF = YES;
				CLANG_WARN_OBJC_LITERAL_CONVERSION = YES;
				CLANG_WARN_OBJC_ROOT_CLASS = YES_ERROR;
				CLANG_WARN_QUOTED_INCLUDE_IN_FRAMEWORK_HEADER = YES;
				CLANG_WARN_RANGE_LOOP_ANALYSIS = YES;
				CLANG_WARN_STRICT_PROTOTYPES = YES;
				CLANG_WARN_SUSPICIOUS_MOVE = YES;
				CLANG_WARN_UNGUARDED_AVAILABILITY = YES_AGGRESSIVE;
				CLANG_WARN_UNREACHABLE_CODE = YES;
				CLANG_WARN__DUPLICATE_METHOD_MATCH = YES;
				COPY_PHASE_STRIP = NO;
				DEBUG_INFORMATION_FORMAT = dwarf;
				ENABLE_STRICT_OBJC_MSGSEND = YES;
				ENABLE_TESTABILITY = YES;
				GCC_C_LANGUAGE_STANDARD = gnu11;
				GCC_DYNAMIC_NO_PIC = NO;
				GCC_NO_COMMON_BLOCKS = YES;
				GCC_OPTIMIZATION_LEVEL = 0;
				GCC_PREPROCESSOR_DEFINITIONS = (
					"DEBUG=1",
					"$(inherited)",
				);
				GCC_WARN_64_TO_32_BIT_CONVERSION = YES;
				GCC_WARN_ABOUT_RETURN_TYPE = YES_ERROR;
				GCC_WARN_UNDECLARED_SELECTOR = YES;
				GCC_WARN_UNINITIALIZED_AUTOS = YES_AGGRESSIVE;
				GCC_WARN_UNUSED_FUNCTION = YES;
				GCC_WARN_UNUSED_VARIABLE = YES;
				IPHONEOS_DEPLOYMENT_TARGET = 14.0;
				MTL_ENABLE_DEBUG_INFO = INCLUDE_SOURCE;
				MTL_FAST_MATH = YES;
				ONLY_ACTIVE_ARCH = YES;
				SDKROOT = iphoneos;
				SWIFT_ACTIVE_COMPILATION_CONDITIONS = DEBUG;
				SWIFT_OPTIMIZATION_LEVEL = "-Onone";
			};
			name = Debug;
		};
		C25877B725C5647500933114 /* Release */ = {
			isa = XCBuildConfiguration;
			buildSettings = {
				ALWAYS_SEARCH_USER_PATHS = NO;
				CLANG_ANALYZER_NONNULL = YES;
				CLANG_ANALYZER_NUMBER_OBJECT_CONVERSION = YES_AGGRESSIVE;
				CLANG_CXX_LANGUAGE_STANDARD = "gnu++14";
				CLANG_CXX_LIBRARY = "libc++";
				CLANG_ENABLE_MODULES = YES;
				CLANG_ENABLE_OBJC_ARC = YES;
				CLANG_ENABLE_OBJC_WEAK = YES;
				CLANG_WARN_BLOCK_CAPTURE_AUTORELEASING = YES;
				CLANG_WARN_BOOL_CONVERSION = YES;
				CLANG_WARN_COMMA = YES;
				CLANG_WARN_CONSTANT_CONVERSION = YES;
				CLANG_WARN_DEPRECATED_OBJC_IMPLEMENTATIONS = YES;
				CLANG_WARN_DIRECT_OBJC_ISA_USAGE = YES_ERROR;
				CLANG_WARN_DOCUMENTATION_COMMENTS = YES;
				CLANG_WARN_EMPTY_BODY = YES;
				CLANG_WARN_ENUM_CONVERSION = YES;
				CLANG_WARN_INFINITE_RECURSION = YES;
				CLANG_WARN_INT_CONVERSION = YES;
				CLANG_WARN_NON_LITERAL_NULL_CONVERSION = YES;
				CLANG_WARN_OBJC_IMPLICIT_RETAIN_SELF = YES;
				CLANG_WARN_OBJC_LITERAL_CONVERSION = YES;
				CLANG_WARN_OBJC_ROOT_CLASS = YES_ERROR;
				CLANG_WARN_QUOTED_INCLUDE_IN_FRAMEWORK_HEADER = YES;
				CLANG_WARN_RANGE_LOOP_ANALYSIS = YES;
				CLANG_WARN_STRICT_PROTOTYPES = YES;
				CLANG_WARN_SUSPICIOUS_MOVE = YES;
				CLANG_WARN_UNGUARDED_AVAILABILITY = YES_AGGRESSIVE;
				CLANG_WARN_UNREACHABLE_CODE = YES;
				CLANG_WARN__DUPLICATE_METHOD_MATCH = YES;
				COPY_PHASE_STRIP = NO;
				DEBUG_INFORMATION_FORMAT = "dwarf-with-dsym";
				ENABLE_NS_ASSERTIONS = NO;
				ENABLE_STRICT_OBJC_MSGSEND = YES;
				GCC_C_LANGUAGE_STANDARD = gnu11;
				GCC_NO_COMMON_BLOCKS = YES;
				GCC_WARN_64_TO_32_BIT_CONVERSION = YES;
				GCC_WARN_ABOUT_RETURN_TYPE = YES_ERROR;
				GCC_WARN_UNDECLARED_SELECTOR = YES;
				GCC_WARN_UNINITIALIZED_AUTOS = YES_AGGRESSIVE;
				GCC_WARN_UNUSED_FUNCTION = YES;
				GCC_WARN_UNUSED_VARIABLE = YES;
				IPHONEOS_DEPLOYMENT_TARGET = 14.0;
				MTL_ENABLE_DEBUG_INFO = NO;
				MTL_FAST_MATH = YES;
				SDKROOT = iphoneos;
				SWIFT_COMPILATION_MODE = wholemodule;
				SWIFT_OPTIMIZATION_LEVEL = "-O";
				VALIDATE_PRODUCT = YES;
			};
			name = Release;
		};
		C25877B925C5647500933114 /* Debug */ = {
			isa = XCBuildConfiguration;
			baseConfigurationReference = 59D572EB24604CD5B6ACE1FA /* Pods-PryanikyTest.debug.xcconfig */;
			buildSettings = {
				ASSETCATALOG_COMPILER_APPICON_NAME = AppIcon;
				ASSETCATALOG_COMPILER_GLOBAL_ACCENT_COLOR_NAME = AccentColor;
				CODE_SIGN_STYLE = Automatic;
				DEVELOPMENT_TEAM = R367V6SP7Z;
				INFOPLIST_FILE = "$(SRCROOT)/PryanikyTest/Supporting files/Info.plist";
				LD_RUNPATH_SEARCH_PATHS = (
					"$(inherited)",
					"@executable_path/Frameworks",
				);
				PRODUCT_BUNDLE_IDENTIFIER = novembrz.PryanikyTest;
				PRODUCT_NAME = "$(TARGET_NAME)";
				SWIFT_VERSION = 5.0;
				TARGETED_DEVICE_FAMILY = "1,2";
			};
			name = Debug;
		};
		C25877BA25C5647500933114 /* Release */ = {
			isa = XCBuildConfiguration;
			baseConfigurationReference = CCE68147A8458DA0EF63D849 /* Pods-PryanikyTest.release.xcconfig */;
			buildSettings = {
				ASSETCATALOG_COMPILER_APPICON_NAME = AppIcon;
				ASSETCATALOG_COMPILER_GLOBAL_ACCENT_COLOR_NAME = AccentColor;
				CODE_SIGN_STYLE = Automatic;
				DEVELOPMENT_TEAM = R367V6SP7Z;
				INFOPLIST_FILE = "$(SRCROOT)/PryanikyTest/Supporting files/Info.plist";
				LD_RUNPATH_SEARCH_PATHS = (
					"$(inherited)",
					"@executable_path/Frameworks",
				);
				PRODUCT_BUNDLE_IDENTIFIER = novembrz.PryanikyTest;
				PRODUCT_NAME = "$(TARGET_NAME)";
				SWIFT_VERSION = 5.0;
				TARGETED_DEVICE_FAMILY = "1,2";
			};
			name = Release;
		};
/* End XCBuildConfiguration section */

/* Begin XCConfigurationList section */
		C258779F25C5647100933114 /* Build configuration list for PBXProject "PryanikyTest" */ = {
			isa = XCConfigurationList;
			buildConfigurations = (
				C25877B625C5647500933114 /* Debug */,
				C25877B725C5647500933114 /* Release */,
			);
			defaultConfigurationIsVisible = 0;
			defaultConfigurationName = Release;
		};
		C25877B825C5647500933114 /* Build configuration list for PBXNativeTarget "PryanikyTest" */ = {
			isa = XCConfigurationList;
			buildConfigurations = (
				C25877B925C5647500933114 /* Debug */,
				C25877BA25C5647500933114 /* Release */,
			);
			defaultConfigurationIsVisible = 0;
			defaultConfigurationName = Release;
		};
/* End XCConfigurationList section */
	};
	rootObject = C258779C25C5647100933114 /* Project object */;
}
